
Microsoft Visual Studio Solution File, Format Version 12.00
# Visual Studio 15
VisualStudioVersion = 15.0.27004.2010
MinimumVisualStudioVersion = 10.0.40219.1
Project("{FAE04EC0-301F-11D3-BF4B-00C04F79EFBC}") = "Prog6RpgMakerBackEnd", "Prog6RpgMakerBackEnd\Prog6RpgMakerBackEnd.csproj", "{CC791DA8-2228-43D8-A2D8-A9B03225BF86}"
EndProject
Project("{FAE04EC0-301F-11D3-BF4B-00C04F79EFBC}") = "RpgMaker.Model", "RpgMaker.Model\RpgMaker.Model.csproj", "{BA414CD8-ABD7-4166-A366-0A49943E354F}"
EndProject
Project("{FAE04EC0-301F-11D3-BF4B-00C04F79EFBC}") = "RpgMaker.ModelImplementation", "RpgMaker.ModelImplementation\RpgMaker.ModelImplementation.csproj", "{28651EEF-7B16-417E-9F80-69500EF0C277}"
EndProject
Project("{FAE04EC0-301F-11D3-BF4B-00C04F79EFBC}") = "RpgMaker.Data", "RpgMaker.Data\RpgMaker.Data.csproj", "{A2FCAB63-7C34-4969-9900-0FBC736D02DA}"
EndProject
Project("{FAE04EC0-301F-11D3-BF4B-00C04F79EFBC}") = "RpgMaker.Data.NHibernate", "RpgMaker.Data.NHibernate\RpgMaker.Data.NHibernate.csproj", "{470707D9-E1C2-4291-9832-44C25309C511}"
EndProject
Project("{FAE04EC0-301F-11D3-BF4B-00C04F79EFBC}") = "RpgMaker.Service", "RpgMaker.Service\RpgMaker.Service.csproj", "{3888DE4A-735E-4003-973F-CE7DC4010A39}"
EndProject
Project("{FAE04EC0-301F-11D3-BF4B-00C04F79EFBC}") = "RpgMaker.ServiceImplementation", "RpgMaker.ServiceImplementation\RpgMaker.ServiceImplementation.csproj", "{5BA0E472-0D15-4894-80E7-DE2EE73B6EE4}"
EndProject
Project("{FAE04EC0-301F-11D3-BF4B-00C04F79EFBC}") = "RpgMaker.Injection", "RpgMaker.Injection\RpgMaker.Injection.csproj", "{0E79EBB8-538F-4518-9A1E-9805A5493BAC}"
EndProject
Global
	GlobalSection(SolutionConfigurationPlatforms) = preSolution
		Debug|Any CPU = Debug|Any CPU
		Release|Any CPU = Release|Any CPU
	EndGlobalSection
	GlobalSection(ProjectConfigurationPlatforms) = postSolution
		{CC791DA8-2228-43D8-A2D8-A9B03225BF86}.Debug|Any CPU.ActiveCfg = Debug|Any CPU
		{CC791DA8-2228-43D8-A2D8-A9B03225BF86}.Debug|Any CPU.Build.0 = Debug|Any CPU
		{CC791DA8-2228-43D8-A2D8-A9B03225BF86}.Release|Any CPU.ActiveCfg = Release|Any CPU
		{CC791DA8-2228-43D8-A2D8-A9B03225BF86}.Release|Any CPU.Build.0 = Release|Any CPU
		{BA414CD8-ABD7-4166-A366-0A49943E354F}.Debug|Any CPU.ActiveCfg = Debug|Any CPU
		{BA414CD8-ABD7-4166-A366-0A49943E354F}.Debug|Any CPU.Build.0 = Debug|Any CPU
		{BA414CD8-ABD7-4166-A366-0A49943E354F}.Release|Any CPU.ActiveCfg = Release|Any CPU
		{BA414CD8-ABD7-4166-A366-0A49943E354F}.Release|Any CPU.Build.0 = Release|Any CPU
		{28651EEF-7B16-417E-9F80-69500EF0C277}.Debug|Any CPU.ActiveCfg = Debug|Any CPU
		{28651EEF-7B16-417E-9F80-69500EF0C277}.Debug|Any CPU.Build.0 = Debug|Any CPU
		{28651EEF-7B16-417E-9F80-69500EF0C277}.Release|Any CPU.ActiveCfg = Release|Any CPU
		{28651EEF-7B16-417E-9F80-69500EF0C277}.Release|Any CPU.Build.0 = Release|Any CPU
		{A2FCAB63-7C34-4969-9900-0FBC736D02DA}.Debug|Any CPU.ActiveCfg = Debug|Any CPU
		{A2FCAB63-7C34-4969-9900-0FBC736D02DA}.Debug|Any CPU.Build.0 = Debug|Any CPU
		{A2FCAB63-7C34-4969-9900-0FBC736D02DA}.Release|Any CPU.ActiveCfg = Release|Any CPU
		{A2FCAB63-7C34-4969-9900-0FBC736D02DA}.Release|Any CPU.Build.0 = Release|Any CPU
		{470707D9-E1C2-4291-9832-44C25309C511}.Debug|Any CPU.ActiveCfg = Debug|Any CPU
		{470707D9-E1C2-4291-9832-44C25309C511}.Debug|Any CPU.Build.0 = Debug|Any CPU
		{470707D9-E1C2-4291-9832-44C25309C511}.Release|Any CPU.ActiveCfg = Release|Any CPU
		{470707D9-E1C2-4291-9832-44C25309C511}.Release|Any CPU.Build.0 = Release|Any CPU
		{3888DE4A-735E-4003-973F-CE7DC4010A39}.Debug|Any CPU.ActiveCfg = Debug|Any CPU
		{3888DE4A-735E-4003-973F-CE7DC4010A39}.Debug|Any CPU.Build.0 = Debug|Any CPU
		{3888DE4A-735E-4003-973F-CE7DC4010A39}.Release|Any CPU.ActiveCfg = Release|Any CPU
		{3888DE4A-735E-4003-973F-CE7DC4010A39}.Release|Any CPU.Build.0 = Release|Any CPU
		{5BA0E472-0D15-4894-80E7-DE2EE73B6EE4}.Debug|Any CPU.ActiveCfg = Debug|Any CPU
		{5BA0E472-0D15-4894-80E7-DE2EE73B6EE4}.Debug|Any CPU.Build.0 = Debug|Any CPU
		{5BA0E472-0D15-4894-80E7-DE2EE73B6EE4}.Release|Any CPU.ActiveCfg = Release|Any CPU
		{5BA0E472-0D15-4894-80E7-DE2EE73B6EE4}.Release|Any CPU.Build.0 = Release|Any CPU
		{0E79EBB8-538F-4518-9A1E-9805A5493BAC}.Debug|Any CPU.ActiveCfg = Debug|Any CPU
		{0E79EBB8-538F-4518-9A1E-9805A5493BAC}.Debug|Any CPU.Build.0 = Debug|Any CPU
		{0E79EBB8-538F-4518-9A1E-9805A5493BAC}.Release|Any CPU.ActiveCfg = Release|Any CPU
		{0E79EBB8-538F-4518-9A1E-9805A5493BAC}.Release|Any CPU.Build.0 = Release|Any CPU
	EndGlobalSection
	GlobalSection(SolutionProperties) = preSolution
		HideSolutionNode = FALSE
	EndGlobalSection
	GlobalSection(ExtensibilityGlobals) = postSolution
		SolutionGuid = {C3676FB9-B818-490A-83DA-33E514A5289A}
	EndGlobalSection
EndGlobal
